// !$*UTF8*$!
{
	archiveVersion = 1;
	classes = {
	};
	objectVersion = 55;
	objects = {

/* Begin PBXBuildFile section */
		C216BEE328E8A63700D3D309 /* RemoteFeedLoader.swift in Sources */ = {isa = PBXBuildFile; fileRef = C216BEE228E8A63700D3D309 /* RemoteFeedLoader.swift */; };
		C2CEDD0428FF0D4700ADA031 /* URLSessionHTTPClientTests.swift in Sources */ = {isa = PBXBuildFile; fileRef = C2CEDD0328FF0D4700ADA031 /* URLSessionHTTPClientTests.swift */; };
		C2D44ECD290BF12000C73F12 /* XCTestCase+MemoryLeaksTracker.swift in Sources */ = {isa = PBXBuildFile; fileRef = C2D44ECC290BF12000C73F12 /* XCTestCase+MemoryLeaksTracker.swift */; };
		C2D44ED5290ED73500C73F12 /* EssentialFeedAPIEndToEndTests.swift in Sources */ = {isa = PBXBuildFile; fileRef = C2D44ED4290ED73500C73F12 /* EssentialFeedAPIEndToEndTests.swift */; };
		C2D44ED6290ED73500C73F12 /* EssentialFeed.framework in Frameworks */ = {isa = PBXBuildFile; fileRef = C2EAC76128E5659100549D3A /* EssentialFeed.framework */; };
		C2D44EDD290ED7CA00C73F12 /* URLSessionHTTPClient.swift in Sources */ = {isa = PBXBuildFile; fileRef = C2D44EDC290ED7CA00C73F12 /* URLSessionHTTPClient.swift */; };
		C2D44EDE290EE07300C73F12 /* XCTestCase+MemoryLeaksTracker.swift in Sources */ = {isa = PBXBuildFile; fileRef = C2D44ECC290BF12000C73F12 /* XCTestCase+MemoryLeaksTracker.swift */; };
		C2EAC76628E5659100549D3A /* EssentialFeed.docc in Sources */ = {isa = PBXBuildFile; fileRef = C2EAC76528E5659100549D3A /* EssentialFeed.docc */; };
		C2EAC76C28E5659200549D3A /* EssentialFeed.framework in Frameworks */ = {isa = PBXBuildFile; fileRef = C2EAC76128E5659100549D3A /* EssentialFeed.framework */; };
		C2EAC77228E5659200549D3A /* EssentialFeed.h in Headers */ = {isa = PBXBuildFile; fileRef = C2EAC76428E5659100549D3A /* EssentialFeed.h */; settings = {ATTRIBUTES = (Public, ); }; };
		C2EAC77D28E5663B00549D3A /* FeetItem.swift in Sources */ = {isa = PBXBuildFile; fileRef = C2EAC77C28E5663B00549D3A /* FeetItem.swift */; };
		C2EAC77F28E5668800549D3A /* FeedLoader.swift in Sources */ = {isa = PBXBuildFile; fileRef = C2EAC77E28E5668800549D3A /* FeedLoader.swift */; };
		C2EAC78E28E60A6400549D3A /* RemoteFeedLoaderTests.swift in Sources */ = {isa = PBXBuildFile; fileRef = C2EAC78D28E60A6400549D3A /* RemoteFeedLoaderTests.swift */; };
		C2FB346528F69AAE00DC5FCB /* HTTPClient.swift in Sources */ = {isa = PBXBuildFile; fileRef = C2FB346428F69AAE00DC5FCB /* HTTPClient.swift */; };
		C2FB346728F69ADF00DC5FCB /* FeedItemsMapper.swift in Sources */ = {isa = PBXBuildFile; fileRef = C2FB346628F69ADF00DC5FCB /* FeedItemsMapper.swift */; };
/* End PBXBuildFile section */

/* Begin PBXContainerItemProxy section */
		C2D44ED7290ED73500C73F12 /* PBXContainerItemProxy */ = {
			isa = PBXContainerItemProxy;
			containerPortal = C2EAC75828E5659100549D3A /* Project object */;
			proxyType = 1;
			remoteGlobalIDString = C2EAC76028E5659100549D3A;
			remoteInfo = EssentialFeed;
		};
		C2EAC76D28E5659200549D3A /* PBXContainerItemProxy */ = {
			isa = PBXContainerItemProxy;
			containerPortal = C2EAC75828E5659100549D3A /* Project object */;
			proxyType = 1;
			remoteGlobalIDString = C2EAC76028E5659100549D3A;
			remoteInfo = EssentialFeed;
		};
/* End PBXContainerItemProxy section */

/* Begin PBXFileReference section */
		C216BEE228E8A63700D3D309 /* RemoteFeedLoader.swift */ = {isa = PBXFileReference; lastKnownFileType = sourcecode.swift; path = RemoteFeedLoader.swift; sourceTree = "<group>"; };
		C2CEDD0328FF0D4700ADA031 /* URLSessionHTTPClientTests.swift */ = {isa = PBXFileReference; lastKnownFileType = sourcecode.swift; path = URLSessionHTTPClientTests.swift; sourceTree = "<group>"; };
		C2D44ECC290BF12000C73F12 /* XCTestCase+MemoryLeaksTracker.swift */ = {isa = PBXFileReference; lastKnownFileType = sourcecode.swift; path = "XCTestCase+MemoryLeaksTracker.swift"; sourceTree = "<group>"; };
		C2D44ED2290ED73500C73F12 /* EssentialFeedEndToEndTests.xctest */ = {isa = PBXFileReference; explicitFileType = wrapper.cfbundle; includeInIndex = 0; path = EssentialFeedEndToEndTests.xctest; sourceTree = BUILT_PRODUCTS_DIR; };
		C2D44ED4290ED73500C73F12 /* EssentialFeedAPIEndToEndTests.swift */ = {isa = PBXFileReference; lastKnownFileType = sourcecode.swift; path = EssentialFeedAPIEndToEndTests.swift; sourceTree = "<group>"; };
		C2D44EDC290ED7CA00C73F12 /* URLSessionHTTPClient.swift */ = {isa = PBXFileReference; lastKnownFileType = sourcecode.swift; path = URLSessionHTTPClient.swift; sourceTree = "<group>"; };
		C2EAC76128E5659100549D3A /* EssentialFeed.framework */ = {isa = PBXFileReference; explicitFileType = wrapper.framework; includeInIndex = 0; path = EssentialFeed.framework; sourceTree = BUILT_PRODUCTS_DIR; };
		C2EAC76428E5659100549D3A /* EssentialFeed.h */ = {isa = PBXFileReference; lastKnownFileType = sourcecode.c.h; path = EssentialFeed.h; sourceTree = "<group>"; };
		C2EAC76528E5659100549D3A /* EssentialFeed.docc */ = {isa = PBXFileReference; lastKnownFileType = folder.documentationcatalog; path = EssentialFeed.docc; sourceTree = "<group>"; };
		C2EAC76B28E5659200549D3A /* EssentialFeedTests.xctest */ = {isa = PBXFileReference; explicitFileType = wrapper.cfbundle; includeInIndex = 0; path = EssentialFeedTests.xctest; sourceTree = BUILT_PRODUCTS_DIR; };
		C2EAC77C28E5663B00549D3A /* FeetItem.swift */ = {isa = PBXFileReference; lastKnownFileType = sourcecode.swift; path = FeetItem.swift; sourceTree = "<group>"; };
		C2EAC77E28E5668800549D3A /* FeedLoader.swift */ = {isa = PBXFileReference; lastKnownFileType = sourcecode.swift; path = FeedLoader.swift; sourceTree = "<group>"; };
		C2EAC78C28E60A6400549D3A /* EssentialFeedTests-Bridging-Header.h */ = {isa = PBXFileReference; lastKnownFileType = sourcecode.c.h; path = "EssentialFeedTests-Bridging-Header.h"; sourceTree = "<group>"; };
		C2EAC78D28E60A6400549D3A /* RemoteFeedLoaderTests.swift */ = {isa = PBXFileReference; lastKnownFileType = sourcecode.swift; path = RemoteFeedLoaderTests.swift; sourceTree = "<group>"; };
		C2FB346428F69AAE00DC5FCB /* HTTPClient.swift */ = {isa = PBXFileReference; lastKnownFileType = sourcecode.swift; path = HTTPClient.swift; sourceTree = "<group>"; };
		C2FB346628F69ADF00DC5FCB /* FeedItemsMapper.swift */ = {isa = PBXFileReference; lastKnownFileType = sourcecode.swift; path = FeedItemsMapper.swift; sourceTree = "<group>"; };
/* End PBXFileReference section */

/* Begin PBXFrameworksBuildPhase section */
		C2D44ECF290ED73500C73F12 /* Frameworks */ = {
			isa = PBXFrameworksBuildPhase;
			buildActionMask = 2147483647;
			files = (
				C2D44ED6290ED73500C73F12 /* EssentialFeed.framework in Frameworks */,
			);
			runOnlyForDeploymentPostprocessing = 0;
		};
		C2EAC75E28E5659100549D3A /* Frameworks */ = {
			isa = PBXFrameworksBuildPhase;
			buildActionMask = 2147483647;
			files = (
			);
			runOnlyForDeploymentPostprocessing = 0;
		};
		C2EAC76828E5659200549D3A /* Frameworks */ = {
			isa = PBXFrameworksBuildPhase;
			buildActionMask = 2147483647;
			files = (
				C2EAC76C28E5659200549D3A /* EssentialFeed.framework in Frameworks */,
			);
			runOnlyForDeploymentPostprocessing = 0;
		};
/* End PBXFrameworksBuildPhase section */

/* Begin PBXGroup section */
		C216BEE128E8A62500D3D309 /* Feed API */ = {
			isa = PBXGroup;
			children = (
				C216BEE228E8A63700D3D309 /* RemoteFeedLoader.swift */,
				C2FB346428F69AAE00DC5FCB /* HTTPClient.swift */,
				C2FB346628F69ADF00DC5FCB /* FeedItemsMapper.swift */,
				C2D44EDC290ED7CA00C73F12 /* URLSessionHTTPClient.swift */,
			);
			path = "Feed API";
			sourceTree = "<group>";
		};
		C2D44ECB290BF0FC00C73F12 /* Helpers */ = {
			isa = PBXGroup;
			children = (
				C2D44ECC290BF12000C73F12 /* XCTestCase+MemoryLeaksTracker.swift */,
			);
			path = Helpers;
			sourceTree = "<group>";
		};
		C2D44ED3290ED73500C73F12 /* EssentialFeedEndToEndTests */ = {
			isa = PBXGroup;
			children = (
				C2D44ED4290ED73500C73F12 /* EssentialFeedAPIEndToEndTests.swift */,
			);
			path = EssentialFeedEndToEndTests;
			sourceTree = "<group>";
		};
		C2EAC75728E5659100549D3A = {
			isa = PBXGroup;
			children = (
				C2EAC76328E5659100549D3A /* EssentialFeed */,
				C2EAC76F28E5659200549D3A /* EssentialFeedTests */,
				C2D44ED3290ED73500C73F12 /* EssentialFeedEndToEndTests */,
				C2EAC76228E5659100549D3A /* Products */,
			);
			sourceTree = "<group>";
		};
		C2EAC76228E5659100549D3A /* Products */ = {
			isa = PBXGroup;
			children = (
				C2EAC76128E5659100549D3A /* EssentialFeed.framework */,
				C2EAC76B28E5659200549D3A /* EssentialFeedTests.xctest */,
				C2D44ED2290ED73500C73F12 /* EssentialFeedEndToEndTests.xctest */,
			);
			name = Products;
			sourceTree = "<group>";
		};
		C2EAC76328E5659100549D3A /* EssentialFeed */ = {
			isa = PBXGroup;
			children = (
				C2EAC77B28E5661C00549D3A /* Feed Feature */,
				C216BEE128E8A62500D3D309 /* Feed API */,
				C2EAC76428E5659100549D3A /* EssentialFeed.h */,
				C2EAC76528E5659100549D3A /* EssentialFeed.docc */,
			);
			path = EssentialFeed;
			sourceTree = "<group>";
		};
		C2EAC76F28E5659200549D3A /* EssentialFeedTests */ = {
			isa = PBXGroup;
			children = (
				C2D44ECB290BF0FC00C73F12 /* Helpers */,
				C2FB346928F6D1CB00DC5FCB /* Feed API */,
				C2EAC78C28E60A6400549D3A /* EssentialFeedTests-Bridging-Header.h */,
			);
			path = EssentialFeedTests;
			sourceTree = "<group>";
		};
		C2EAC77B28E5661C00549D3A /* Feed Feature */ = {
			isa = PBXGroup;
			children = (
				C2EAC77C28E5663B00549D3A /* FeetItem.swift */,
				C2EAC77E28E5668800549D3A /* FeedLoader.swift */,
			);
			path = "Feed Feature";
			sourceTree = "<group>";
		};
		C2FB346928F6D1CB00DC5FCB /* Feed API */ = {
			isa = PBXGroup;
			children = (
				C2EAC78D28E60A6400549D3A /* RemoteFeedLoaderTests.swift */,
				C2CEDD0328FF0D4700ADA031 /* URLSessionHTTPClientTests.swift */,
			);
			path = "Feed API";
			sourceTree = "<group>";
		};
/* End PBXGroup section */

/* Begin PBXHeadersBuildPhase section */
		C2EAC75C28E5659100549D3A /* Headers */ = {
			isa = PBXHeadersBuildPhase;
			buildActionMask = 2147483647;
			files = (
				C2EAC77228E5659200549D3A /* EssentialFeed.h in Headers */,
			);
			runOnlyForDeploymentPostprocessing = 0;
		};
/* End PBXHeadersBuildPhase section */

/* Begin PBXNativeTarget section */
		C2D44ED1290ED73500C73F12 /* EssentialFeedEndToEndTests */ = {
			isa = PBXNativeTarget;
			buildConfigurationList = C2D44ED9290ED73500C73F12 /* Build configuration list for PBXNativeTarget "EssentialFeedEndToEndTests" */;
			buildPhases = (
				C2D44ECE290ED73500C73F12 /* Sources */,
				C2D44ECF290ED73500C73F12 /* Frameworks */,
				C2D44ED0290ED73500C73F12 /* Resources */,
			);
			buildRules = (
			);
			dependencies = (
				C2D44ED8290ED73500C73F12 /* PBXTargetDependency */,
			);
			name = EssentialFeedEndToEndTests;
			productName = EssentialFeedEndToEndTests;
			productReference = C2D44ED2290ED73500C73F12 /* EssentialFeedEndToEndTests.xctest */;
			productType = "com.apple.product-type.bundle.unit-test";
		};
		C2EAC76028E5659100549D3A /* EssentialFeed */ = {
			isa = PBXNativeTarget;
			buildConfigurationList = C2EAC77528E5659200549D3A /* Build configuration list for PBXNativeTarget "EssentialFeed" */;
			buildPhases = (
				C2EAC75C28E5659100549D3A /* Headers */,
				C2EAC75D28E5659100549D3A /* Sources */,
				C2EAC75E28E5659100549D3A /* Frameworks */,
				C2EAC75F28E5659100549D3A /* Resources */,
			);
			buildRules = (
			);
			dependencies = (
			);
			name = EssentialFeed;
			productName = EssentialFeed;
			productReference = C2EAC76128E5659100549D3A /* EssentialFeed.framework */;
			productType = "com.apple.product-type.framework";
		};
		C2EAC76A28E5659200549D3A /* EssentialFeedTests */ = {
			isa = PBXNativeTarget;
			buildConfigurationList = C2EAC77828E5659200549D3A /* Build configuration list for PBXNativeTarget "EssentialFeedTests" */;
			buildPhases = (
				C2EAC76728E5659200549D3A /* Sources */,
				C2EAC76828E5659200549D3A /* Frameworks */,
				C2EAC76928E5659200549D3A /* Resources */,
			);
			buildRules = (
			);
			dependencies = (
				C2EAC76E28E5659200549D3A /* PBXTargetDependency */,
			);
			name = EssentialFeedTests;
			productName = EssentialFeedTests;
			productReference = C2EAC76B28E5659200549D3A /* EssentialFeedTests.xctest */;
			productType = "com.apple.product-type.bundle.unit-test";
		};
/* End PBXNativeTarget section */

/* Begin PBXProject section */
		C2EAC75828E5659100549D3A /* Project object */ = {
			isa = PBXProject;
			attributes = {
				BuildIndependentTargetsInParallel = 1;
				LastSwiftUpdateCheck = 1330;
				LastUpgradeCheck = 1330;
				TargetAttributes = {
					C2D44ED1290ED73500C73F12 = {
						CreatedOnToolsVersion = 13.3;
					};
					C2EAC76028E5659100549D3A = {
						CreatedOnToolsVersion = 13.3;
					};
					C2EAC76A28E5659200549D3A = {
						CreatedOnToolsVersion = 13.3;
						LastSwiftMigration = 1330;
					};
				};
			};
			buildConfigurationList = C2EAC75B28E5659100549D3A /* Build configuration list for PBXProject "EssentialFeed" */;
			compatibilityVersion = "Xcode 13.0";
			developmentRegion = en;
			hasScannedForEncodings = 0;
			knownRegions = (
				en,
				Base,
			);
			mainGroup = C2EAC75728E5659100549D3A;
			productRefGroup = C2EAC76228E5659100549D3A /* Products */;
			projectDirPath = "";
			projectRoot = "";
			targets = (
				C2EAC76028E5659100549D3A /* EssentialFeed */,
				C2EAC76A28E5659200549D3A /* EssentialFeedTests */,
				C2D44ED1290ED73500C73F12 /* EssentialFeedEndToEndTests */,
			);
		};
/* End PBXProject section */

/* Begin PBXResourcesBuildPhase section */
		C2D44ED0290ED73500C73F12 /* Resources */ = {
			isa = PBXResourcesBuildPhase;
			buildActionMask = 2147483647;
			files = (
			);
			runOnlyForDeploymentPostprocessing = 0;
		};
		C2EAC75F28E5659100549D3A /* Resources */ = {
			isa = PBXResourcesBuildPhase;
			buildActionMask = 2147483647;
			files = (
			);
			runOnlyForDeploymentPostprocessing = 0;
		};
		C2EAC76928E5659200549D3A /* Resources */ = {
			isa = PBXResourcesBuildPhase;
			buildActionMask = 2147483647;
			files = (
			);
			runOnlyForDeploymentPostprocessing = 0;
		};
/* End PBXResourcesBuildPhase section */

/* Begin PBXSourcesBuildPhase section */
		C2D44ECE290ED73500C73F12 /* Sources */ = {
			isa = PBXSourcesBuildPhase;
			buildActionMask = 2147483647;
			files = (
				C2D44ED5290ED73500C73F12 /* EssentialFeedAPIEndToEndTests.swift in Sources */,
				C2D44EDE290EE07300C73F12 /* XCTestCase+MemoryLeaksTracker.swift in Sources */,
			);
			runOnlyForDeploymentPostprocessing = 0;
		};
		C2EAC75D28E5659100549D3A /* Sources */ = {
			isa = PBXSourcesBuildPhase;
			buildActionMask = 2147483647;
			files = (
				C2D44EDD290ED7CA00C73F12 /* URLSessionHTTPClient.swift in Sources */,
				C216BEE328E8A63700D3D309 /* RemoteFeedLoader.swift in Sources */,
				C2FB346528F69AAE00DC5FCB /* HTTPClient.swift in Sources */,
				C2EAC77F28E5668800549D3A /* FeedLoader.swift in Sources */,
				C2FB346728F69ADF00DC5FCB /* FeedItemsMapper.swift in Sources */,
				C2EAC77D28E5663B00549D3A /* FeetItem.swift in Sources */,
				C2EAC76628E5659100549D3A /* EssentialFeed.docc in Sources */,
			);
			runOnlyForDeploymentPostprocessing = 0;
		};
		C2EAC76728E5659200549D3A /* Sources */ = {
			isa = PBXSourcesBuildPhase;
			buildActionMask = 2147483647;
			files = (
				C2EAC78E28E60A6400549D3A /* RemoteFeedLoaderTests.swift in Sources */,
				C2CEDD0428FF0D4700ADA031 /* URLSessionHTTPClientTests.swift in Sources */,
				C2D44ECD290BF12000C73F12 /* XCTestCase+MemoryLeaksTracker.swift in Sources */,
			);
			runOnlyForDeploymentPostprocessing = 0;
		};
/* End PBXSourcesBuildPhase section */

/* Begin PBXTargetDependency section */
		C2D44ED8290ED73500C73F12 /* PBXTargetDependency */ = {
			isa = PBXTargetDependency;
			target = C2EAC76028E5659100549D3A /* EssentialFeed */;
			targetProxy = C2D44ED7290ED73500C73F12 /* PBXContainerItemProxy */;
		};
		C2EAC76E28E5659200549D3A /* PBXTargetDependency */ = {
			isa = PBXTargetDependency;
			target = C2EAC76028E5659100549D3A /* EssentialFeed */;
			targetProxy = C2EAC76D28E5659200549D3A /* PBXContainerItemProxy */;
		};
/* End PBXTargetDependency section */

/* Begin XCBuildConfiguration section */
		C2D44EDA290ED73500C73F12 /* Debug */ = {
			isa = XCBuildConfiguration;
			buildSettings = {
				CODE_SIGN_STYLE = Automatic;
				CURRENT_PROJECT_VERSION = 1;
				DEVELOPMENT_TEAM = 7DFV5QB4A7;
				GENERATE_INFOPLIST_FILE = YES;
				MARKETING_VERSION = 1.0;
				PRODUCT_BUNDLE_IDENTIFIER = com.iOS.EssentialFeedEndToEndTests;
				PRODUCT_NAME = "$(TARGET_NAME)";
				SWIFT_EMIT_LOC_STRINGS = NO;
				SWIFT_VERSION = 5.0;
			};
			name = Debug;
		};
		C2D44EDB290ED73500C73F12 /* Release */ = {
			isa = XCBuildConfiguration;
			buildSettings = {
				CODE_SIGN_STYLE = Automatic;
				CURRENT_PROJECT_VERSION = 1;
				DEVELOPMENT_TEAM = 7DFV5QB4A7;
				GENERATE_INFOPLIST_FILE = YES;
				MARKETING_VERSION = 1.0;
				PRODUCT_BUNDLE_IDENTIFIER = com.iOS.EssentialFeedEndToEndTests;
				PRODUCT_NAME = "$(TARGET_NAME)";
				SWIFT_EMIT_LOC_STRINGS = NO;
				SWIFT_VERSION = 5.0;
			};
			name = Release;
		};
		C2EAC77328E5659200549D3A /* Debug */ = {
			isa = XCBuildConfiguration;
			buildSettings = {
				ALWAYS_SEARCH_USER_PATHS = NO;
				CLANG_ANALYZER_NONNULL = YES;
				CLANG_ANALYZER_NUMBER_OBJECT_CONVERSION = YES_AGGRESSIVE;
				CLANG_CXX_LANGUAGE_STANDARD = "gnu++17";
				CLANG_ENABLE_MODULES = YES;
				CLANG_ENABLE_OBJC_ARC = YES;
				CLANG_ENABLE_OBJC_WEAK = YES;
				CLANG_WARN_BLOCK_CAPTURE_AUTORELEASING = YES;
				CLANG_WARN_BOOL_CONVERSION = YES;
				CLANG_WARN_COMMA = YES;
				CLANG_WARN_CONSTANT_CONVERSION = YES;
				CLANG_WARN_DEPRECATED_OBJC_IMPLEMENTATIONS = YES;
				CLANG_WARN_DIRECT_OBJC_ISA_USAGE = YES_ERROR;
				CLANG_WARN_DOCUMENTATION_COMMENTS = YES;
				CLANG_WARN_EMPTY_BODY = YES;
				CLANG_WARN_ENUM_CONVERSION = YES;
				CLANG_WARN_INFINITE_RECURSION = YES;
				CLANG_WARN_INT_CONVERSION = YES;
				CLANG_WARN_NON_LITERAL_NULL_CONVERSION = YES;
				CLANG_WARN_OBJC_IMPLICIT_RETAIN_SELF = YES;
				CLANG_WARN_OBJC_LITERAL_CONVERSION = YES;
				CLANG_WARN_OBJC_ROOT_CLASS = YES_ERROR;
				CLANG_WARN_QUOTED_INCLUDE_IN_FRAMEWORK_HEADER = YES;
				CLANG_WARN_RANGE_LOOP_ANALYSIS = YES;
				CLANG_WARN_STRICT_PROTOTYPES = YES;
				CLANG_WARN_SUSPICIOUS_MOVE = YES;
				CLANG_WARN_UNGUARDED_AVAILABILITY = YES_AGGRESSIVE;
				CLANG_WARN_UNREACHABLE_CODE = YES;
				CLANG_WARN__DUPLICATE_METHOD_MATCH = YES;
				COPY_PHASE_STRIP = NO;
				CURRENT_PROJECT_VERSION = 1;
				DEBUG_INFORMATION_FORMAT = dwarf;
				ENABLE_STRICT_OBJC_MSGSEND = YES;
				ENABLE_TESTABILITY = YES;
				GCC_C_LANGUAGE_STANDARD = gnu11;
				GCC_DYNAMIC_NO_PIC = NO;
				GCC_NO_COMMON_BLOCKS = YES;
				GCC_OPTIMIZATION_LEVEL = 0;
				GCC_PREPROCESSOR_DEFINITIONS = (
					"DEBUG=1",
					"$(inherited)",
				);
				GCC_WARN_64_TO_32_BIT_CONVERSION = YES;
				GCC_WARN_ABOUT_RETURN_TYPE = YES_ERROR;
				GCC_WARN_UNDECLARED_SELECTOR = YES;
				GCC_WARN_UNINITIALIZED_AUTOS = YES_AGGRESSIVE;
				GCC_WARN_UNUSED_FUNCTION = YES;
				GCC_WARN_UNUSED_VARIABLE = YES;
				MACOSX_DEPLOYMENT_TARGET = 12.2;
				MTL_ENABLE_DEBUG_INFO = INCLUDE_SOURCE;
				MTL_FAST_MATH = YES;
				ONLY_ACTIVE_ARCH = YES;
				SDKROOT = macosx;
				SWIFT_ACTIVE_COMPILATION_CONDITIONS = DEBUG;
				SWIFT_OPTIMIZATION_LEVEL = "-Onone";
				VERSIONING_SYSTEM = "apple-generic";
				VERSION_INFO_PREFIX = "";
			};
			name = Debug;
		};
		C2EAC77428E5659200549D3A /* Release */ = {
			isa = XCBuildConfiguration;
			buildSettings = {
				ALWAYS_SEARCH_USER_PATHS = NO;
				CLANG_ANALYZER_NONNULL = YES;
				CLANG_ANALYZER_NUMBER_OBJECT_CONVERSION = YES_AGGRESSIVE;
				CLANG_CXX_LANGUAGE_STANDARD = "gnu++17";
				CLANG_ENABLE_MODULES = YES;
				CLANG_ENABLE_OBJC_ARC = YES;
				CLANG_ENABLE_OBJC_WEAK = YES;
				CLANG_WARN_BLOCK_CAPTURE_AUTORELEASING = YES;
				CLANG_WARN_BOOL_CONVERSION = YES;
				CLANG_WARN_COMMA = YES;
				CLANG_WARN_CONSTANT_CONVERSION = YES;
				CLANG_WARN_DEPRECATED_OBJC_IMPLEMENTATIONS = YES;
				CLANG_WARN_DIRECT_OBJC_ISA_USAGE = YES_ERROR;
				CLANG_WARN_DOCUMENTATION_COMMENTS = YES;
				CLANG_WARN_EMPTY_BODY = YES;
				CLANG_WARN_ENUM_CONVERSION = YES;
				CLANG_WARN_INFINITE_RECURSION = YES;
				CLANG_WARN_INT_CONVERSION = YES;
				CLANG_WARN_NON_LITERAL_NULL_CONVERSION = YES;
				CLANG_WARN_OBJC_IMPLICIT_RETAIN_SELF = YES;
				CLANG_WARN_OBJC_LITERAL_CONVERSION = YES;
				CLANG_WARN_OBJC_ROOT_CLASS = YES_ERROR;
				CLANG_WARN_QUOTED_INCLUDE_IN_FRAMEWORK_HEADER = YES;
				CLANG_WARN_RANGE_LOOP_ANALYSIS = YES;
				CLANG_WARN_STRICT_PROTOTYPES = YES;
				CLANG_WARN_SUSPICIOUS_MOVE = YES;
				CLANG_WARN_UNGUARDED_AVAILABILITY = YES_AGGRESSIVE;
				CLANG_WARN_UNREACHABLE_CODE = YES;
				CLANG_WARN__DUPLICATE_METHOD_MATCH = YES;
				COPY_PHASE_STRIP = NO;
				CURRENT_PROJECT_VERSION = 1;
				DEBUG_INFORMATION_FORMAT = "dwarf-with-dsym";
				ENABLE_NS_ASSERTIONS = NO;
				ENABLE_STRICT_OBJC_MSGSEND = YES;
				GCC_C_LANGUAGE_STANDARD = gnu11;
				GCC_NO_COMMON_BLOCKS = YES;
				GCC_WARN_64_TO_32_BIT_CONVERSION = YES;
				GCC_WARN_ABOUT_RETURN_TYPE = YES_ERROR;
				GCC_WARN_UNDECLARED_SELECTOR = YES;
				GCC_WARN_UNINITIALIZED_AUTOS = YES_AGGRESSIVE;
				GCC_WARN_UNUSED_FUNCTION = YES;
				GCC_WARN_UNUSED_VARIABLE = YES;
				MACOSX_DEPLOYMENT_TARGET = 12.2;
				MTL_ENABLE_DEBUG_INFO = NO;
				MTL_FAST_MATH = YES;
				SDKROOT = macosx;
				SWIFT_COMPILATION_MODE = wholemodule;
				SWIFT_OPTIMIZATION_LEVEL = "-O";
				VERSIONING_SYSTEM = "apple-generic";
				VERSION_INFO_PREFIX = "";
			};
			name = Release;
		};
		C2EAC77628E5659200549D3A /* Debug */ = {
			isa = XCBuildConfiguration;
			buildSettings = {
				CODE_SIGN_STYLE = Automatic;
				COMBINE_HIDPI_IMAGES = YES;
				CURRENT_PROJECT_VERSION = 1;
				DEFINES_MODULE = YES;
				DEVELOPMENT_TEAM = 7DFV5QB4A7;
				DYLIB_COMPATIBILITY_VERSION = 1;
				DYLIB_CURRENT_VERSION = 1;
				DYLIB_INSTALL_NAME_BASE = "@rpath";
				GENERATE_INFOPLIST_FILE = YES;
				INFOPLIST_KEY_NSHumanReadableCopyright = "";
				INSTALL_PATH = "$(LOCAL_LIBRARY_DIR)/Frameworks";
				LD_RUNPATH_SEARCH_PATHS = (
					"$(inherited)",
					"@executable_path/../Frameworks",
					"@loader_path/Frameworks",
				);
				MARKETING_VERSION = 1.0;
				PRODUCT_BUNDLE_IDENTIFIER = com.iOS.EssentialFeed;
				PRODUCT_NAME = "$(TARGET_NAME:c99extidentifier)";
				SKIP_INSTALL = YES;
				SWIFT_EMIT_LOC_STRINGS = YES;
				SWIFT_VERSION = 5.0;
			};
			name = Debug;
		};
		C2EAC77728E5659200549D3A /* Release */ = {
			isa = XCBuildConfiguration;
			buildSettings = {
				CODE_SIGN_STYLE = Automatic;
				COMBINE_HIDPI_IMAGES = YES;
				CURRENT_PROJECT_VERSION = 1;
				DEFINES_MODULE = YES;
				DEVELOPMENT_TEAM = 7DFV5QB4A7;
				DYLIB_COMPATIBILITY_VERSION = 1;
				DYLIB_CURRENT_VERSION = 1;
				DYLIB_INSTALL_NAME_BASE = "@rpath";
				GENERATE_INFOPLIST_FILE = YES;
				INFOPLIST_KEY_NSHumanReadableCopyright = "";
				INSTALL_PATH = "$(LOCAL_LIBRARY_DIR)/Frameworks";
				LD_RUNPATH_SEARCH_PATHS = (
					"$(inherited)",
					"@executable_path/../Frameworks",
					"@loader_path/Frameworks",
				);
				MARKETING_VERSION = 1.0;
				PRODUCT_BUNDLE_IDENTIFIER = com.iOS.EssentialFeed;
				PRODUCT_NAME = "$(TARGET_NAME:c99extidentifier)";
				SKIP_INSTALL = YES;
				SWIFT_EMIT_LOC_STRINGS = YES;
				SWIFT_VERSION = 5.0;
			};
			name = Release;
		};
		C2EAC77928E5659200549D3A /* Debug */ = {
			isa = XCBuildConfiguration;
			buildSettings = {
				ALWAYS_EMBED_SWIFT_STANDARD_LIBRARIES = YES;
				CLANG_ENABLE_MODULES = YES;
				CODE_SIGN_STYLE = Automatic;
				CURRENT_PROJECT_VERSION = 1;
				DEVELOPMENT_TEAM = 7DFV5QB4A7;
				GENERATE_INFOPLIST_FILE = YES;
				LD_RUNPATH_SEARCH_PATHS = (
					"$(inherited)",
					"@executable_path/../Frameworks",
					"@loader_path/../Frameworks",
				);
				MARKETING_VERSION = 1.0;
				PRODUCT_BUNDLE_IDENTIFIER = com.iOS.EssentialFeedTests;
				PRODUCT_NAME = "$(TARGET_NAME)";
				SWIFT_EMIT_LOC_STRINGS = NO;
				SWIFT_OBJC_BRIDGING_HEADER = "EssentialFeedTests/EssentialFeedTests-Bridging-Header.h";
				SWIFT_OPTIMIZATION_LEVEL = "-Onone";
				SWIFT_VERSION = 5.0;
			};
			name = Debug;
		};
		C2EAC77A28E5659200549D3A /* Release */ = {
			isa = XCBuildConfiguration;
			buildSettings = {
				ALWAYS_EMBED_SWIFT_STANDARD_LIBRARIES = YES;
				CLANG_ENABLE_MODULES = YES;
				CODE_SIGN_STYLE = Automatic;
				CURRENT_PROJECT_VERSION = 1;
				DEVELOPMENT_TEAM = 7DFV5QB4A7;
				GENERATE_INFOPLIST_FILE = YES;
				LD_RUNPATH_SEARCH_PATHS = (
					"$(inherited)",
					"@executable_path/../Frameworks",
					"@loader_path/../Frameworks",
				);
				MARKETING_VERSION = 1.0;
				PRODUCT_BUNDLE_IDENTIFIER = com.iOS.EssentialFeedTests;
				PRODUCT_NAME = "$(TARGET_NAME)";
				SWIFT_EMIT_LOC_STRINGS = NO;
				SWIFT_OBJC_BRIDGING_HEADER = "EssentialFeedTests/EssentialFeedTests-Bridging-Header.h";
				SWIFT_VERSION = 5.0;
			};
			name = Release;
		};
/* End XCBuildConfiguration section */

/* Begin XCConfigurationList section */
		C2D44ED9290ED73500C73F12 /* Build configuration list for PBXNativeTarget "EssentialFeedEndToEndTests" */ = {
			isa = XCConfigurationList;
			buildConfigurations = (
				C2D44EDA290ED73500C73F12 /* Debug */,
				C2D44EDB290ED73500C73F12 /* Release */,
			);
			defaultConfigurationIsVisible = 0;
			defaultConfigurationName = Release;
		};
		C2EAC75B28E5659100549D3A /* Build configuration list for PBXProject "EssentialFeed" */ = {
			isa = XCConfigurationList;
			buildConfigurations = (
				C2EAC77328E5659200549D3A /* Debug */,
				C2EAC77428E5659200549D3A /* Release */,
			);
			defaultConfigurationIsVisible = 0;
			defaultConfigurationName = Release;
		};
		C2EAC77528E5659200549D3A /* Build configuration list for PBXNativeTarget "EssentialFeed" */ = {
			isa = XCConfigurationList;
			buildConfigurations = (
				C2EAC77628E5659200549D3A /* Debug */,
				C2EAC77728E5659200549D3A /* Release */,
			);
			defaultConfigurationIsVisible = 0;
			defaultConfigurationName = Release;
		};
		C2EAC77828E5659200549D3A /* Build configuration list for PBXNativeTarget "EssentialFeedTests" */ = {
			isa = XCConfigurationList;
			buildConfigurations = (
				C2EAC77928E5659200549D3A /* Debug */,
				C2EAC77A28E5659200549D3A /* Release */,
			);
			defaultConfigurationIsVisible = 0;
			defaultConfigurationName = Release;
		};
/* End XCConfigurationList section */
	};
	rootObject = C2EAC75828E5659100549D3A /* Project object */;
}
